# This file is automatically @generated by Poetry 1.7.1 and should not be changed by hand.

[[package]]
name = "colored"
version = "2.2.3"
description = "Simple python library for color and formatting to terminal"
optional = false
python-versions = ">=3.9"
files = [
    {file = "colored-2.2.3-py3-none-any.whl", hash = "sha256:1318b2fb8e0313d39724b8ab0707af79d1e2c0e60710b608a00e70fe0f84ff5d"},
    {file = "colored-2.2.3.tar.gz", hash = "sha256:1905ae45fa2b7fd63a8b4776586e63aeaba4df8db225b72b78fd167408558983"},
]

[metadata]
lock-version = "2.0"
python-versions = "^3.11"
content-hash = "6921cdd3dbc26abd51b0ea25ac9114f8d5c5446f545865895ad31dd3f080aa91"
